
Microsoft Visual Studio Solution File, Format Version 12.00
# Visual Studio Version 17
VisualStudioVersion = 17.8.34525.116
MinimumVisualStudioVersion = 10.0.40219.1
Project("{FAE04EC0-301F-11D3-BF4B-00C04F79EFBC}") = "testJeuxCross2", "testJeuxCross2.csproj", "{ED72E7CE-F270-4C31-8241-6BDE7268E159}"
EndProject
Global
	GlobalSection(SolutionConfigurationPlatforms) = preSolution
		Debug|Any CPU = Debug|Any CPU
		Release|Any CPU = Release|Any CPU
	EndGlobalSection
	GlobalSection(ProjectConfigurationPlatforms) = postSolution
		{ED72E7CE-F270-4C31-8241-6BDE7268E159}.Debug|Any CPU.ActiveCfg = Debug|Any CPU
		{ED72E7CE-F270-4C31-8241-6BDE7268E159}.Debug|Any CPU.Build.0 = Debug|Any CPU
		{ED72E7CE-F270-4C31-8241-6BDE7268E159}.Release|Any CPU.ActiveCfg = Release|Any CPU
		{ED72E7CE-F270-4C31-8241-6BDE7268E159}.Release|Any CPU.Build.0 = Release|Any CPU
	EndGlobalSection
	GlobalSection(SolutionProperties) = preSolution
		HideSolutionNode = FALSE
	EndGlobalSection
	GlobalSection(ExtensibilityGlobals) = postSolution
		SolutionGuid = {9BF0DF75-F374-4902-871D-E3DA0E40270C}
	EndGlobalSection
EndGlobal
